# This file is automatically @generated by Poetry 1.5.1 and should not be changed by hand.

[[package]]
name = "importlib-resources"
version = "6.5.2"
description = "Read resources from Python packages"
optional = false
python-versions = ">=3.9"
files = [
    {file = "importlib_resources-6.5.2-py3-none-any.whl", hash = "sha256:789cfdc3ed28c78b67a06acb8126751ced69a3d5f79c095a98298cd8a760ccec"},
    {file = "importlib_resources-6.5.2.tar.gz", hash = "sha256:185f87adef5bcc288449d98fb4fba07cea78bc036455dd44c5fc4a2fe78fed2c"},
]

[package.extras]
check = ["pytest-checkdocs (>=2.4)", "pytest-ruff (>=0.2.1)"]
cover = ["pytest-cov"]
doc = ["furo", "jaraco.packaging (>=9.3)", "jaraco.tidelift (>=1.4)", "rst.linker (>=1.9)", "sphinx (>=3.5)", "sphinx-lint"]
enabler = ["pytest-enabler (>=2.2)"]
test = ["jaraco.test (>=5.4)", "pytest (>=6,!=8.1.*)", "zipp (>=3.17)"]
type = ["pytest-mypy"]

[[package]]
name = "wasmtime"
version = "32.0.0"
description = "A WebAssembly runtime powered by Wasmtime"
optional = false
python-versions = ">=3.9"
files = [
    {file = "wasmtime-32.0.0-py3-none-any.whl", hash = "sha256:7e8eb93b05620f23f9e3093723ae1f0407b551d6c0aa9c15316604bf51751f2f"},
    {file = "wasmtime-32.0.0-py3-none-macosx_10_13_x86_64.whl", hash = "sha256:e8b884aa2adc2ec99869212f655ff1579ee201b81b483a9804e0187381263919"},
    {file = "wasmtime-32.0.0-py3-none-macosx_11_0_arm64.whl", hash = "sha256:6a7b07e04536b7ce27befb1a5f498353a4d7cbd908c89e0f1af40445692e2391"},
    {file = "wasmtime-32.0.0-py3-none-manylinux1_x86_64.whl", hash = "sha256:7b42281481a0b73d11064618920b1c2e42194b1a23f2e3c811f53936314c1ef1"},
    {file = "wasmtime-32.0.0-py3-none-manylinux2014_aarch64.whl", hash = "sha256:4d7aa59936f9db651048e0192ff2ae8e94923379b2c0c31b748da8062f90c3fc"},
    {file = "wasmtime-32.0.0-py3-none-musllinux_1_2_x86_64.whl", hash = "sha256:daa99b76994f2a3526a9ebc3be763550830de36ded676329ef9db2c1686a25b4"},
    {file = "wasmtime-32.0.0-py3-none-win_amd64.whl", hash = "sha256:4566a5fd5f6c2832c703b13d029b660203756ade8f297ed50a62f2a53e7c55dd"},
    {file = "wasmtime-32.0.0-py3-none-win_arm64.whl", hash = "sha256:33ae41f6ac9a3435444c3135c8364590633a331cba5e1bab7554f0436ce7c6c4"},
]

[package.dependencies]
importlib_resources = ">=5.10"

[package.extras]
testing = ["componentize-py", "coverage", "pycparser", "pytest", "pytest-mypy"]

[metadata]
lock-version = "2.0"
python-versions = "^3.10"
content-hash = "6e4dfe8803d57107963b0334deb1b76c79725b05c49bef1ef718df46ab24fc4a"
